
Microsoft Visual Studio Solution File, Format Version 12.00
# Visual Studio Version 17
VisualStudioVersion = 17.7.34003.232
MinimumVisualStudioVersion = 10.0.40219.1
Project("{8BC9CEB8-8B4A-11D0-8D11-00A0C91BC942}") = "runtime", "runtime.vcxproj", "{5A45457E-AA1C-4B40-920E-43EB7EF9E03F}"
	ProjectSection(ProjectDependencies) = postProject
		{0D108199-D079-4739-83AD-CE83C4D53332} = {0D108199-D079-4739-83AD-CE83C4D53332}
		{45AB985E-3772-4261-95EC-C6DE7D26EDBB} = {45AB985E-3772-4261-95EC-C6DE7D26EDBB}
		{CE18E5D8-FAA4-48B4-A1D2-DAB85FC1ACBB} = {CE18E5D8-FAA4-48B4-A1D2-DAB85FC1ACBB}
		{E21D57C8-C4B7-4702-9F36-12C332B64433} = {E21D57C8-C4B7-4702-9F36-12C332B64433}
	EndProjectSection
EndProject
Project("{8BC9CEB8-8B4A-11D0-8D11-00A0C91BC942}") = "kernel", "kernel\kernel.vcxproj", "{CE18E5D8-FAA4-48B4-A1D2-DAB85FC1ACBB}"
EndProject
Project("{8BC9CEB8-8B4A-11D0-8D11-00A0C91BC942}") = "core", "core\core.vcxproj", "{0D108199-D079-4739-83AD-CE83C4D53332}"
	ProjectSection(ProjectDependencies) = postProject
		{45AB985E-3772-4261-95EC-C6DE7D26EDBB} = {45AB985E-3772-4261-95EC-C6DE7D26EDBB}
		{CE18E5D8-FAA4-48B4-A1D2-DAB85FC1ACBB} = {CE18E5D8-FAA4-48B4-A1D2-DAB85FC1ACBB}
	EndProjectSection
EndProject
Project("{8BC9CEB8-8B4A-11D0-8D11-00A0C91BC942}") = "reflection", "reflection\reflection.vcxproj", "{45AB985E-3772-4261-95EC-C6DE7D26EDBB}"
	ProjectSection(ProjectDependencies) = postProject
		{CE18E5D8-FAA4-48B4-A1D2-DAB85FC1ACBB} = {CE18E5D8-FAA4-48B4-A1D2-DAB85FC1ACBB}
	EndProjectSection
EndProject
Project("{8BC9CEB8-8B4A-11D0-8D11-00A0C91BC942}") = "app", "app\app.vcxproj", "{E21D57C8-C4B7-4702-9F36-12C332B64433}"
EndProject
Project("{8BC9CEB8-8B4A-11D0-8D11-00A0C91BC942}") = "reflection_generated", "reflection_generated\reflection_generated.vcxproj", "{3FA8CE37-1F60-456C-996C-140C5F8A65ED}"
	ProjectSection(ProjectDependencies) = postProject
		{0D108199-D079-4739-83AD-CE83C4D53332} = {0D108199-D079-4739-83AD-CE83C4D53332}
		{45AB985E-3772-4261-95EC-C6DE7D26EDBB} = {45AB985E-3772-4261-95EC-C6DE7D26EDBB}
		{CE18E5D8-FAA4-48B4-A1D2-DAB85FC1ACBB} = {CE18E5D8-FAA4-48B4-A1D2-DAB85FC1ACBB}
		{E21D57C8-C4B7-4702-9F36-12C332B64433} = {E21D57C8-C4B7-4702-9F36-12C332B64433}
	EndProjectSection
EndProject
Global
	GlobalSection(SolutionConfigurationPlatforms) = preSolution
		Debug|x64 = Debug|x64
		Debug|x86 = Debug|x86
		Master|x64 = Master|x64
		Master|x86 = Master|x86
		Release|x64 = Release|x64
		Release|x86 = Release|x86
	EndGlobalSection
	GlobalSection(ProjectConfigurationPlatforms) = postSolution
		{5A45457E-AA1C-4B40-920E-43EB7EF9E03F}.Debug|x64.ActiveCfg = Debug|x64
		{5A45457E-AA1C-4B40-920E-43EB7EF9E03F}.Debug|x64.Build.0 = Debug|x64
		{5A45457E-AA1C-4B40-920E-43EB7EF9E03F}.Debug|x86.ActiveCfg = Debug|x64
		{5A45457E-AA1C-4B40-920E-43EB7EF9E03F}.Debug|x86.Build.0 = Debug|x64
		{5A45457E-AA1C-4B40-920E-43EB7EF9E03F}.Master|x64.ActiveCfg = Master|x64
		{5A45457E-AA1C-4B40-920E-43EB7EF9E03F}.Master|x64.Build.0 = Master|x64
		{5A45457E-AA1C-4B40-920E-43EB7EF9E03F}.Master|x86.ActiveCfg = Master|x64
		{5A45457E-AA1C-4B40-920E-43EB7EF9E03F}.Master|x86.Build.0 = Master|x64
		{5A45457E-AA1C-4B40-920E-43EB7EF9E03F}.Release|x64.ActiveCfg = Release|x64
		{5A45457E-AA1C-4B40-920E-43EB7EF9E03F}.Release|x64.Build.0 = Release|x64
		{5A45457E-AA1C-4B40-920E-43EB7EF9E03F}.Release|x86.ActiveCfg = Release|x64
		{5A45457E-AA1C-4B40-920E-43EB7EF9E03F}.Release|x86.Build.0 = Release|x64
		{CE18E5D8-FAA4-48B4-A1D2-DAB85FC1ACBB}.Debug|x64.ActiveCfg = Debug|x64
		{CE18E5D8-FAA4-48B4-A1D2-DAB85FC1ACBB}.Debug|x64.Build.0 = Debug|x64
		{CE18E5D8-FAA4-48B4-A1D2-DAB85FC1ACBB}.Debug|x86.ActiveCfg = Debug|x64
		{CE18E5D8-FAA4-48B4-A1D2-DAB85FC1ACBB}.Debug|x86.Build.0 = Debug|x64
		{CE18E5D8-FAA4-48B4-A1D2-DAB85FC1ACBB}.Master|x64.ActiveCfg = Master|x64
		{CE18E5D8-FAA4-48B4-A1D2-DAB85FC1ACBB}.Master|x64.Build.0 = Master|x64
		{CE18E5D8-FAA4-48B4-A1D2-DAB85FC1ACBB}.Master|x86.ActiveCfg = Master|x64
		{CE18E5D8-FAA4-48B4-A1D2-DAB85FC1ACBB}.Master|x86.Build.0 = Master|x64
		{CE18E5D8-FAA4-48B4-A1D2-DAB85FC1ACBB}.Release|x64.ActiveCfg = Release|x64
		{CE18E5D8-FAA4-48B4-A1D2-DAB85FC1ACBB}.Release|x64.Build.0 = Release|x64
		{CE18E5D8-FAA4-48B4-A1D2-DAB85FC1ACBB}.Release|x86.ActiveCfg = Release|x64
		{CE18E5D8-FAA4-48B4-A1D2-DAB85FC1ACBB}.Release|x86.Build.0 = Release|x64
		{0D108199-D079-4739-83AD-CE83C4D53332}.Debug|x64.ActiveCfg = Debug|x64
		{0D108199-D079-4739-83AD-CE83C4D53332}.Debug|x64.Build.0 = Debug|x64
		{0D108199-D079-4739-83AD-CE83C4D53332}.Debug|x86.ActiveCfg = Debug|x64
		{0D108199-D079-4739-83AD-CE83C4D53332}.Debug|x86.Build.0 = Debug|x64
		{0D108199-D079-4739-83AD-CE83C4D53332}.Master|x64.ActiveCfg = Master|x64
		{0D108199-D079-4739-83AD-CE83C4D53332}.Master|x64.Build.0 = Master|x64
		{0D108199-D079-4739-83AD-CE83C4D53332}.Master|x86.ActiveCfg = Master|x64
		{0D108199-D079-4739-83AD-CE83C4D53332}.Master|x86.Build.0 = Master|x64
		{0D108199-D079-4739-83AD-CE83C4D53332}.Release|x64.ActiveCfg = Release|x64
		{0D108199-D079-4739-83AD-CE83C4D53332}.Release|x64.Build.0 = Release|x64
		{0D108199-D079-4739-83AD-CE83C4D53332}.Release|x86.ActiveCfg = Release|x64
		{0D108199-D079-4739-83AD-CE83C4D53332}.Release|x86.Build.0 = Release|x64
		{45AB985E-3772-4261-95EC-C6DE7D26EDBB}.Debug|x64.ActiveCfg = Debug|x64
		{45AB985E-3772-4261-95EC-C6DE7D26EDBB}.Debug|x64.Build.0 = Debug|x64
		{45AB985E-3772-4261-95EC-C6DE7D26EDBB}.Debug|x86.ActiveCfg = Debug|x64
		{45AB985E-3772-4261-95EC-C6DE7D26EDBB}.Debug|x86.Build.0 = Debug|x64
		{45AB985E-3772-4261-95EC-C6DE7D26EDBB}.Master|x64.ActiveCfg = Master|x64
		{45AB985E-3772-4261-95EC-C6DE7D26EDBB}.Master|x64.Build.0 = Master|x64
		{45AB985E-3772-4261-95EC-C6DE7D26EDBB}.Master|x86.ActiveCfg = Master|x64
		{45AB985E-3772-4261-95EC-C6DE7D26EDBB}.Master|x86.Build.0 = Master|x64
		{45AB985E-3772-4261-95EC-C6DE7D26EDBB}.Release|x64.ActiveCfg = Release|x64
		{45AB985E-3772-4261-95EC-C6DE7D26EDBB}.Release|x64.Build.0 = Release|x64
		{45AB985E-3772-4261-95EC-C6DE7D26EDBB}.Release|x86.ActiveCfg = Release|x64
		{45AB985E-3772-4261-95EC-C6DE7D26EDBB}.Release|x86.Build.0 = Release|x64
		{E21D57C8-C4B7-4702-9F36-12C332B64433}.Debug|x64.ActiveCfg = Debug|x64
		{E21D57C8-C4B7-4702-9F36-12C332B64433}.Debug|x64.Build.0 = Debug|x64
		{E21D57C8-C4B7-4702-9F36-12C332B64433}.Debug|x86.ActiveCfg = Debug|x64
		{E21D57C8-C4B7-4702-9F36-12C332B64433}.Debug|x86.Build.0 = Debug|x64
		{E21D57C8-C4B7-4702-9F36-12C332B64433}.Master|x64.ActiveCfg = Master|x64
		{E21D57C8-C4B7-4702-9F36-12C332B64433}.Master|x64.Build.0 = Master|x64
		{E21D57C8-C4B7-4702-9F36-12C332B64433}.Master|x86.ActiveCfg = Master|x64
		{E21D57C8-C4B7-4702-9F36-12C332B64433}.Master|x86.Build.0 = Master|x64
		{E21D57C8-C4B7-4702-9F36-12C332B64433}.Release|x64.ActiveCfg = Release|x64
		{E21D57C8-C4B7-4702-9F36-12C332B64433}.Release|x64.Build.0 = Release|x64
		{E21D57C8-C4B7-4702-9F36-12C332B64433}.Release|x86.ActiveCfg = Release|x64
		{E21D57C8-C4B7-4702-9F36-12C332B64433}.Release|x86.Build.0 = Release|x64
		{3FA8CE37-1F60-456C-996C-140C5F8A65ED}.Debug|x64.ActiveCfg = Debug|x64
		{3FA8CE37-1F60-456C-996C-140C5F8A65ED}.Debug|x64.Build.0 = Debug|x64
		{3FA8CE37-1F60-456C-996C-140C5F8A65ED}.Debug|x86.ActiveCfg = Debug|x64
		{3FA8CE37-1F60-456C-996C-140C5F8A65ED}.Debug|x86.Build.0 = Debug|x64
		{3FA8CE37-1F60-456C-996C-140C5F8A65ED}.Master|x64.ActiveCfg = Master|x64
		{3FA8CE37-1F60-456C-996C-140C5F8A65ED}.Master|x64.Build.0 = Master|x64
		{3FA8CE37-1F60-456C-996C-140C5F8A65ED}.Master|x86.ActiveCfg = Master|x64
		{3FA8CE37-1F60-456C-996C-140C5F8A65ED}.Master|x86.Build.0 = Master|x64
		{3FA8CE37-1F60-456C-996C-140C5F8A65ED}.Release|x64.ActiveCfg = Release|x64
		{3FA8CE37-1F60-456C-996C-140C5F8A65ED}.Release|x64.Build.0 = Release|x64
		{3FA8CE37-1F60-456C-996C-140C5F8A65ED}.Release|x86.ActiveCfg = Release|x64
		{3FA8CE37-1F60-456C-996C-140C5F8A65ED}.Release|x86.Build.0 = Release|x64
	EndGlobalSection
	GlobalSection(SolutionProperties) = preSolution
		HideSolutionNode = FALSE
	EndGlobalSection
	GlobalSection(ExtensibilityGlobals) = postSolution
		SolutionGuid = {F4185A87-BEA4-4B41-BE0B-FEA780800C68}
	EndGlobalSection
EndGlobal
