
Microsoft Visual Studio Solution File, Format Version 12.00
# Visual Studio Version 18
VisualStudioVersion = 18.0.11010.61
MinimumVisualStudioVersion = 10.0.40219.1
Project("{FAE04EC0-301F-11D3-BF4B-00C04F79EFBC}") = "Nox", "Nox\Nox.csproj", "{9437BDA8-C3BF-4CD5-9C03-DDDAB0D69ED1}"
EndProject
Project("{FAE04EC0-301F-11D3-BF4B-00C04F79EFBC}") = "Core2", "Core\Core2.csproj", "{2F2D94A6-343B-4F46-925D-F6712432DA1B}"
EndProject
Global
	GlobalSection(SolutionConfigurationPlatforms) = preSolution
		Debug|Any CPU = Debug|Any CPU
		Release|Any CPU = Release|Any CPU
	EndGlobalSection
	GlobalSection(ProjectConfigurationPlatforms) = postSolution
		{9437BDA8-C3BF-4CD5-9C03-DDDAB0D69ED1}.Debug|Any CPU.ActiveCfg = Debug|Any CPU
		{9437BDA8-C3BF-4CD5-9C03-DDDAB0D69ED1}.Debug|Any CPU.Build.0 = Debug|Any CPU
		{9437BDA8-C3BF-4CD5-9C03-DDDAB0D69ED1}.Release|Any CPU.ActiveCfg = Release|Any CPU
		{9437BDA8-C3BF-4CD5-9C03-DDDAB0D69ED1}.Release|Any CPU.Build.0 = Release|Any CPU
		{2F2D94A6-343B-4F46-925D-F6712432DA1B}.Debug|Any CPU.ActiveCfg = Debug|Any CPU
		{2F2D94A6-343B-4F46-925D-F6712432DA1B}.Debug|Any CPU.Build.0 = Debug|Any CPU
		{2F2D94A6-343B-4F46-925D-F6712432DA1B}.Release|Any CPU.ActiveCfg = Release|Any CPU
		{2F2D94A6-343B-4F46-925D-F6712432DA1B}.Release|Any CPU.Build.0 = Release|Any CPU
	EndGlobalSection
	GlobalSection(SolutionProperties) = preSolution
		HideSolutionNode = FALSE
	EndGlobalSection
	GlobalSection(ExtensibilityGlobals) = postSolution
		SolutionGuid = {8669B048-A8B8-4440-A546-B622DBEF65BC}
	EndGlobalSection
EndGlobal
