<?xml version="1.0" encoding="utf-8"?>
<Project ToolsVersion="4.0" xmlns="http://schemas.microsoft.com/developer/msbuild/2003">
  <ItemGroup>
    <Filter Include="ソース ファイル">
      <UniqueIdentifier>{4FC737F1-C7A5-4376-A066-2A32D752A2FF}</UniqueIdentifier>
      <Extensions>cpp;c;cc;cxx;c++;cppm;ixx;def;odl;idl;hpj;bat;asm;asmx</Extensions>
    </Filter>
    <Filter Include="ヘッダー ファイル">
      <UniqueIdentifier>{93995380-89BD-4b04-88EB-625FBE52EBFB}</UniqueIdentifier>
      <Extensions>h;hh;hpp;hxx;h++;hm;inl;inc;ipp;xsd</Extensions>
    </Filter>
    <Filter Include="リソース ファイル">
      <UniqueIdentifier>{67DA6AB6-F800-4c08-8B7A-83BB121AAD01}</UniqueIdentifier>
      <Extensions>rc;ico;cur;bmp;dlg;rc2;rct;bin;rgs;gif;jpg;jpeg;jpe;resx;tiff;tif;png;wav;mfcribbon-ms</Extensions>
    </Filter>
  </ItemGroup>
  <ItemGroup>
    <ClCompile Include="stdafx.cpp">
      <Filter>ソース ファイル</Filter>
    </ClCompile>
    <ClCompile Include="definition.cpp">
      <Filter>ソース ファイル</Filter>
    </ClCompile>
    <ClCompile Include="gen.cpp">
      <Filter>ソース ファイル</Filter>
    </ClCompile>
    <ClCompile Include="register.cpp">
      <Filter>ソース ファイル</Filter>
    </ClCompile>
    <ClCompile Include="reflect.cpp">
      <Filter>ソース ファイル</Filter>
    </ClCompile>
    <ClCompile Include="gen\x64\Debug\app\app_ClassDecl_0.cpp">
      <Filter>ソース ファイル</Filter>
    </ClCompile>
    <ClCompile Include="gen\x64\Debug\app\app_ClassDecl_1.cpp">
      <Filter>ソース ファイル</Filter>
    </ClCompile>
    <ClCompile Include="gen\x64\Debug\app\app_ClassDecl_2.cpp">
      <Filter>ソース ファイル</Filter>
    </ClCompile>
    <ClCompile Include="gen\x64\Debug\app\app_ClassDecl_3.cpp">
      <Filter>ソース ファイル</Filter>
    </ClCompile>
    <ClCompile Include="gen\x64\Debug\app\app_ClassDecl_4.cpp">
      <Filter>ソース ファイル</Filter>
    </ClCompile>
    <ClCompile Include="gen\x64\Debug\app\app_ClassDecl_5.cpp">
      <Filter>ソース ファイル</Filter>
    </ClCompile>
    <ClCompile Include="gen\x64\Debug\app\app_ClassDecl_6.cpp">
      <Filter>ソース ファイル</Filter>
    </ClCompile>
    <ClCompile Include="gen\x64\Debug\app\app_ClassDecl_7.cpp">
      <Filter>ソース ファイル</Filter>
    </ClCompile>
    <ClCompile Include="gen\x64\Debug\app\app_ClassDecl_8.cpp">
      <Filter>ソース ファイル</Filter>
    </ClCompile>
    <ClCompile Include="gen\x64\Debug\app\app_ClassDecl_9.cpp">
      <Filter>ソース ファイル</Filter>
    </ClCompile>
    <ClCompile Include="gen\x64\Debug\app\app_GlobalDecl_0.cpp">
      <Filter>ソース ファイル</Filter>
    </ClCompile>
    <ClCompile Include="gen\x64\Debug\app\app_GlobalDecl_1.cpp">
      <Filter>ソース ファイル</Filter>
    </ClCompile>
    <ClCompile Include="gen\x64\Debug\app\app_GlobalDecl_2.cpp">
      <Filter>ソース ファイル</Filter>
    </ClCompile>
    <ClCompile Include="gen\x64\Debug\app\app_GlobalDecl_3.cpp">
      <Filter>ソース ファイル</Filter>
    </ClCompile>
    <ClCompile Include="gen\x64\Debug\app\app_GlobalDecl_4.cpp">
      <Filter>ソース ファイル</Filter>
    </ClCompile>
    <ClCompile Include="gen\x64\Debug\app\app_GlobalDecl_5.cpp">
      <Filter>ソース ファイル</Filter>
    </ClCompile>
    <ClCompile Include="gen\x64\Debug\app\app_GlobalDecl_6.cpp">
      <Filter>ソース ファイル</Filter>
    </ClCompile>
    <ClCompile Include="gen\x64\Debug\app\app_GlobalDecl_7.cpp">
      <Filter>ソース ファイル</Filter>
    </ClCompile>
    <ClCompile Include="gen\x64\Debug\app\app_GlobalDecl_8.cpp">
      <Filter>ソース ファイル</Filter>
    </ClCompile>
    <ClCompile Include="gen\x64\Debug\app\app_GlobalDecl_9.cpp">
      <Filter>ソース ファイル</Filter>
    </ClCompile>
    <ClCompile Include="gen\x64\Debug\core\core_ClassDecl_0.cpp">
      <Filter>ソース ファイル</Filter>
    </ClCompile>
    <ClCompile Include="gen\x64\Debug\core\core_ClassDecl_1.cpp">
      <Filter>ソース ファイル</Filter>
    </ClCompile>
    <ClCompile Include="gen\x64\Debug\core\core_ClassDecl_2.cpp">
      <Filter>ソース ファイル</Filter>
    </ClCompile>
    <ClCompile Include="gen\x64\Debug\core\core_ClassDecl_3.cpp">
      <Filter>ソース ファイル</Filter>
    </ClCompile>
    <ClCompile Include="gen\x64\Debug\core\core_ClassDecl_4.cpp">
      <Filter>ソース ファイル</Filter>
    </ClCompile>
    <ClCompile Include="gen\x64\Debug\core\core_ClassDecl_5.cpp">
      <Filter>ソース ファイル</Filter>
    </ClCompile>
    <ClCompile Include="gen\x64\Debug\core\core_ClassDecl_6.cpp">
      <Filter>ソース ファイル</Filter>
    </ClCompile>
    <ClCompile Include="gen\x64\Debug\core\core_ClassDecl_7.cpp">
      <Filter>ソース ファイル</Filter>
    </ClCompile>
    <ClCompile Include="gen\x64\Debug\core\core_ClassDecl_8.cpp">
      <Filter>ソース ファイル</Filter>
    </ClCompile>
    <ClCompile Include="gen\x64\Debug\core\core_ClassDecl_9.cpp">
      <Filter>ソース ファイル</Filter>
    </ClCompile>
    <ClCompile Include="gen\x64\Debug\core\core_GlobalDecl_0.cpp">
      <Filter>ソース ファイル</Filter>
    </ClCompile>
    <ClCompile Include="gen\x64\Debug\core\core_GlobalDecl_1.cpp">
      <Filter>ソース ファイル</Filter>
    </ClCompile>
    <ClCompile Include="gen\x64\Debug\core\core_GlobalDecl_2.cpp">
      <Filter>ソース ファイル</Filter>
    </ClCompile>
    <ClCompile Include="gen\x64\Debug\core\core_GlobalDecl_3.cpp">
      <Filter>ソース ファイル</Filter>
    </ClCompile>
    <ClCompile Include="gen\x64\Debug\core\core_GlobalDecl_4.cpp">
      <Filter>ソース ファイル</Filter>
    </ClCompile>
    <ClCompile Include="gen\x64\Debug\core\core_GlobalDecl_5.cpp">
      <Filter>ソース ファイル</Filter>
    </ClCompile>
    <ClCompile Include="gen\x64\Debug\core\core_GlobalDecl_6.cpp">
      <Filter>ソース ファイル</Filter>
    </ClCompile>
    <ClCompile Include="gen\x64\Debug\core\core_GlobalDecl_7.cpp">
      <Filter>ソース ファイル</Filter>
    </ClCompile>
    <ClCompile Include="gen\x64\Debug\core\core_GlobalDecl_8.cpp">
      <Filter>ソース ファイル</Filter>
    </ClCompile>
    <ClCompile Include="gen\x64\Debug\core\core_GlobalDecl_9.cpp">
      <Filter>ソース ファイル</Filter>
    </ClCompile>
    <ClCompile Include="gen\x64\Debug\kernel\kernel_ClassDecl_0.cpp">
      <Filter>ソース ファイル</Filter>
    </ClCompile>
    <ClCompile Include="gen\x64\Debug\kernel\kernel_ClassDecl_1.cpp">
      <Filter>ソース ファイル</Filter>
    </ClCompile>
    <ClCompile Include="gen\x64\Debug\kernel\kernel_ClassDecl_2.cpp">
      <Filter>ソース ファイル</Filter>
    </ClCompile>
    <ClCompile Include="gen\x64\Debug\kernel\kernel_ClassDecl_3.cpp">
      <Filter>ソース ファイル</Filter>
    </ClCompile>
    <ClCompile Include="gen\x64\Debug\kernel\kernel_ClassDecl_4.cpp">
      <Filter>ソース ファイル</Filter>
    </ClCompile>
    <ClCompile Include="gen\x64\Debug\kernel\kernel_ClassDecl_5.cpp">
      <Filter>ソース ファイル</Filter>
    </ClCompile>
    <ClCompile Include="gen\x64\Debug\kernel\kernel_ClassDecl_6.cpp">
      <Filter>ソース ファイル</Filter>
    </ClCompile>
    <ClCompile Include="gen\x64\Debug\kernel\kernel_ClassDecl_7.cpp">
      <Filter>ソース ファイル</Filter>
    </ClCompile>
    <ClCompile Include="gen\x64\Debug\kernel\kernel_ClassDecl_8.cpp">
      <Filter>ソース ファイル</Filter>
    </ClCompile>
    <ClCompile Include="gen\x64\Debug\kernel\kernel_ClassDecl_9.cpp">
      <Filter>ソース ファイル</Filter>
    </ClCompile>
    <ClCompile Include="gen\x64\Debug\kernel\kernel_GlobalDecl_0.cpp">
      <Filter>ソース ファイル</Filter>
    </ClCompile>
    <ClCompile Include="gen\x64\Debug\kernel\kernel_GlobalDecl_1.cpp">
      <Filter>ソース ファイル</Filter>
    </ClCompile>
    <ClCompile Include="gen\x64\Debug\kernel\kernel_GlobalDecl_2.cpp">
      <Filter>ソース ファイル</Filter>
    </ClCompile>
    <ClCompile Include="gen\x64\Debug\kernel\kernel_GlobalDecl_3.cpp">
      <Filter>ソース ファイル</Filter>
    </ClCompile>
    <ClCompile Include="gen\x64\Debug\kernel\kernel_GlobalDecl_4.cpp">
      <Filter>ソース ファイル</Filter>
    </ClCompile>
    <ClCompile Include="gen\x64\Debug\kernel\kernel_GlobalDecl_5.cpp">
      <Filter>ソース ファイル</Filter>
    </ClCompile>
    <ClCompile Include="gen\x64\Debug\kernel\kernel_GlobalDecl_6.cpp">
      <Filter>ソース ファイル</Filter>
    </ClCompile>
    <ClCompile Include="gen\x64\Debug\kernel\kernel_GlobalDecl_7.cpp">
      <Filter>ソース ファイル</Filter>
    </ClCompile>
    <ClCompile Include="gen\x64\Debug\kernel\kernel_GlobalDecl_8.cpp">
      <Filter>ソース ファイル</Filter>
    </ClCompile>
    <ClCompile Include="gen\x64\Debug\kernel\kernel_GlobalDecl_9.cpp">
      <Filter>ソース ファイル</Filter>
    </ClCompile>
    <ClCompile Include="gen\x64\Debug\reflection\reflection_ClassDecl_0.cpp">
      <Filter>ソース ファイル</Filter>
    </ClCompile>
    <ClCompile Include="gen\x64\Debug\reflection\reflection_ClassDecl_1.cpp">
      <Filter>ソース ファイル</Filter>
    </ClCompile>
    <ClCompile Include="gen\x64\Debug\reflection\reflection_ClassDecl_2.cpp">
      <Filter>ソース ファイル</Filter>
    </ClCompile>
    <ClCompile Include="gen\x64\Debug\reflection\reflection_ClassDecl_3.cpp">
      <Filter>ソース ファイル</Filter>
    </ClCompile>
    <ClCompile Include="gen\x64\Debug\reflection\reflection_ClassDecl_4.cpp">
      <Filter>ソース ファイル</Filter>
    </ClCompile>
    <ClCompile Include="gen\x64\Debug\reflection\reflection_ClassDecl_5.cpp">
      <Filter>ソース ファイル</Filter>
    </ClCompile>
    <ClCompile Include="gen\x64\Debug\reflection\reflection_ClassDecl_6.cpp">
      <Filter>ソース ファイル</Filter>
    </ClCompile>
    <ClCompile Include="gen\x64\Debug\reflection\reflection_ClassDecl_7.cpp">
      <Filter>ソース ファイル</Filter>
    </ClCompile>
    <ClCompile Include="gen\x64\Debug\reflection\reflection_ClassDecl_8.cpp">
      <Filter>ソース ファイル</Filter>
    </ClCompile>
    <ClCompile Include="gen\x64\Debug\reflection\reflection_ClassDecl_9.cpp">
      <Filter>ソース ファイル</Filter>
    </ClCompile>
    <ClCompile Include="gen\x64\Debug\reflection\reflection_GlobalDecl_0.cpp">
      <Filter>ソース ファイル</Filter>
    </ClCompile>
    <ClCompile Include="gen\x64\Debug\reflection\reflection_GlobalDecl_1.cpp">
      <Filter>ソース ファイル</Filter>
    </ClCompile>
    <ClCompile Include="gen\x64\Debug\reflection\reflection_GlobalDecl_2.cpp">
      <Filter>ソース ファイル</Filter>
    </ClCompile>
    <ClCompile Include="gen\x64\Debug\reflection\reflection_GlobalDecl_3.cpp">
      <Filter>ソース ファイル</Filter>
    </ClCompile>
    <ClCompile Include="gen\x64\Debug\reflection\reflection_GlobalDecl_4.cpp">
      <Filter>ソース ファイル</Filter>
    </ClCompile>
    <ClCompile Include="gen\x64\Debug\reflection\reflection_GlobalDecl_5.cpp">
      <Filter>ソース ファイル</Filter>
    </ClCompile>
    <ClCompile Include="gen\x64\Debug\reflection\reflection_GlobalDecl_6.cpp">
      <Filter>ソース ファイル</Filter>
    </ClCompile>
    <ClCompile Include="gen\x64\Debug\reflection\reflection_GlobalDecl_7.cpp">
      <Filter>ソース ファイル</Filter>
    </ClCompile>
    <ClCompile Include="gen\x64\Debug\reflection\reflection_GlobalDecl_8.cpp">
      <Filter>ソース ファイル</Filter>
    </ClCompile>
    <ClCompile Include="gen\x64\Debug\reflection\reflection_GlobalDecl_9.cpp">
      <Filter>ソース ファイル</Filter>
    </ClCompile>
    <ClCompile Include="gen\x64\Debug\reflection_generated\reflection_generated_ClassDecl_0.cpp">
      <Filter>ソース ファイル</Filter>
    </ClCompile>
    <ClCompile Include="gen\x64\Debug\reflection_generated\reflection_generated_ClassDecl_1.cpp">
      <Filter>ソース ファイル</Filter>
    </ClCompile>
    <ClCompile Include="gen\x64\Debug\reflection_generated\reflection_generated_ClassDecl_2.cpp">
      <Filter>ソース ファイル</Filter>
    </ClCompile>
    <ClCompile Include="gen\x64\Debug\reflection_generated\reflection_generated_ClassDecl_3.cpp">
      <Filter>ソース ファイル</Filter>
    </ClCompile>
    <ClCompile Include="gen\x64\Debug\reflection_generated\reflection_generated_ClassDecl_4.cpp">
      <Filter>ソース ファイル</Filter>
    </ClCompile>
    <ClCompile Include="gen\x64\Debug\reflection_generated\reflection_generated_ClassDecl_5.cpp">
      <Filter>ソース ファイル</Filter>
    </ClCompile>
    <ClCompile Include="gen\x64\Debug\reflection_generated\reflection_generated_ClassDecl_6.cpp">
      <Filter>ソース ファイル</Filter>
    </ClCompile>
    <ClCompile Include="gen\x64\Debug\reflection_generated\reflection_generated_ClassDecl_7.cpp">
      <Filter>ソース ファイル</Filter>
    </ClCompile>
    <ClCompile Include="gen\x64\Debug\reflection_generated\reflection_generated_ClassDecl_8.cpp">
      <Filter>ソース ファイル</Filter>
    </ClCompile>
    <ClCompile Include="gen\x64\Debug\reflection_generated\reflection_generated_ClassDecl_9.cpp">
      <Filter>ソース ファイル</Filter>
    </ClCompile>
    <ClCompile Include="gen\x64\Debug\reflection_generated\reflection_generated_GlobalDecl_0.cpp">
      <Filter>ソース ファイル</Filter>
    </ClCompile>
    <ClCompile Include="gen\x64\Debug\reflection_generated\reflection_generated_GlobalDecl_1.cpp">
      <Filter>ソース ファイル</Filter>
    </ClCompile>
    <ClCompile Include="gen\x64\Debug\reflection_generated\reflection_generated_GlobalDecl_2.cpp">
      <Filter>ソース ファイル</Filter>
    </ClCompile>
    <ClCompile Include="gen\x64\Debug\reflection_generated\reflection_generated_GlobalDecl_3.cpp">
      <Filter>ソース ファイル</Filter>
    </ClCompile>
    <ClCompile Include="gen\x64\Debug\reflection_generated\reflection_generated_GlobalDecl_4.cpp">
      <Filter>ソース ファイル</Filter>
    </ClCompile>
    <ClCompile Include="gen\x64\Debug\reflection_generated\reflection_generated_GlobalDecl_5.cpp">
      <Filter>ソース ファイル</Filter>
    </ClCompile>
    <ClCompile Include="gen\x64\Debug\reflection_generated\reflection_generated_GlobalDecl_6.cpp">
      <Filter>ソース ファイル</Filter>
    </ClCompile>
    <ClCompile Include="gen\x64\Debug\reflection_generated\reflection_generated_GlobalDecl_7.cpp">
      <Filter>ソース ファイル</Filter>
    </ClCompile>
    <ClCompile Include="gen\x64\Debug\reflection_generated\reflection_generated_GlobalDecl_8.cpp">
      <Filter>ソース ファイル</Filter>
    </ClCompile>
    <ClCompile Include="gen\x64\Debug\reflection_generated\reflection_generated_GlobalDecl_9.cpp">
      <Filter>ソース ファイル</Filter>
    </ClCompile>
    <ClCompile Include="gen\x64\Debug\unknown\unknown_ClassDecl_0.cpp">
      <Filter>ソース ファイル</Filter>
    </ClCompile>
    <ClCompile Include="gen\x64\Debug\unknown\unknown_ClassDecl_1.cpp">
      <Filter>ソース ファイル</Filter>
    </ClCompile>
    <ClCompile Include="gen\x64\Debug\unknown\unknown_ClassDecl_2.cpp">
      <Filter>ソース ファイル</Filter>
    </ClCompile>
    <ClCompile Include="gen\x64\Debug\unknown\unknown_ClassDecl_3.cpp">
      <Filter>ソース ファイル</Filter>
    </ClCompile>
    <ClCompile Include="gen\x64\Debug\unknown\unknown_ClassDecl_4.cpp">
      <Filter>ソース ファイル</Filter>
    </ClCompile>
    <ClCompile Include="gen\x64\Debug\unknown\unknown_ClassDecl_5.cpp">
      <Filter>ソース ファイル</Filter>
    </ClCompile>
    <ClCompile Include="gen\x64\Debug\unknown\unknown_ClassDecl_6.cpp">
      <Filter>ソース ファイル</Filter>
    </ClCompile>
    <ClCompile Include="gen\x64\Debug\unknown\unknown_ClassDecl_7.cpp">
      <Filter>ソース ファイル</Filter>
    </ClCompile>
    <ClCompile Include="gen\x64\Debug\unknown\unknown_ClassDecl_8.cpp">
      <Filter>ソース ファイル</Filter>
    </ClCompile>
    <ClCompile Include="gen\x64\Debug\unknown\unknown_ClassDecl_9.cpp">
      <Filter>ソース ファイル</Filter>
    </ClCompile>
    <ClCompile Include="gen\x64\Debug\unknown\unknown_GlobalDecl_0.cpp">
      <Filter>ソース ファイル</Filter>
    </ClCompile>
    <ClCompile Include="gen\x64\Debug\unknown\unknown_GlobalDecl_1.cpp">
      <Filter>ソース ファイル</Filter>
    </ClCompile>
    <ClCompile Include="gen\x64\Debug\unknown\unknown_GlobalDecl_2.cpp">
      <Filter>ソース ファイル</Filter>
    </ClCompile>
    <ClCompile Include="gen\x64\Debug\unknown\unknown_GlobalDecl_3.cpp">
      <Filter>ソース ファイル</Filter>
    </ClCompile>
    <ClCompile Include="gen\x64\Debug\unknown\unknown_GlobalDecl_4.cpp">
      <Filter>ソース ファイル</Filter>
    </ClCompile>
    <ClCompile Include="gen\x64\Debug\unknown\unknown_GlobalDecl_5.cpp">
      <Filter>ソース ファイル</Filter>
    </ClCompile>
    <ClCompile Include="gen\x64\Debug\unknown\unknown_GlobalDecl_6.cpp">
      <Filter>ソース ファイル</Filter>
    </ClCompile>
    <ClCompile Include="gen\x64\Debug\unknown\unknown_GlobalDecl_7.cpp">
      <Filter>ソース ファイル</Filter>
    </ClCompile>
    <ClCompile Include="gen\x64\Debug\unknown\unknown_GlobalDecl_8.cpp">
      <Filter>ソース ファイル</Filter>
    </ClCompile>
    <ClCompile Include="gen\x64\Debug\unknown\unknown_GlobalDecl_9.cpp">
      <Filter>ソース ファイル</Filter>
    </ClCompile>
    <ClCompile Include="gen\x64\Debug\gen_x64_Debug.cpp">
      <Filter>ソース ファイル</Filter>
    </ClCompile>
  </ItemGroup>
  <ItemGroup>
    <ClInclude Include="stdafx.h">
      <Filter>ヘッダー ファイル</Filter>
    </ClInclude>
    <ClInclude Include="reflection_generated.h">
      <Filter>ヘッダー ファイル</Filter>
    </ClInclude>
    <ClInclude Include="definition.h">
      <Filter>ヘッダー ファイル</Filter>
    </ClInclude>
    <ClInclude Include="gen.h">
      <Filter>ヘッダー ファイル</Filter>
    </ClInclude>
    <ClInclude Include="register.h">
      <Filter>ヘッダー ファイル</Filter>
    </ClInclude>
    <ClInclude Include="reflect.h">
      <Filter>ヘッダー ファイル</Filter>
    </ClInclude>
    <ClInclude Include="gen\x64\Debug\app\gen_x64_Debug_app.h">
      <Filter>ヘッダー ファイル</Filter>
    </ClInclude>
    <ClInclude Include="gen\x64\Debug\core\gen_x64_Debug_core.h">
      <Filter>ヘッダー ファイル</Filter>
    </ClInclude>
    <ClInclude Include="gen\x64\Debug\kernel\gen_x64_Debug_kernel.h">
      <Filter>ヘッダー ファイル</Filter>
    </ClInclude>
    <ClInclude Include="gen\x64\Debug\reflection\gen_x64_Debug_reflection.h">
      <Filter>ヘッダー ファイル</Filter>
    </ClInclude>
    <ClInclude Include="gen\x64\Debug\reflection_generated\gen_x64_Debug_reflection_generated.h">
      <Filter>ヘッダー ファイル</Filter>
    </ClInclude>
    <ClInclude Include="gen\x64\Debug\unknown\gen_x64_Debug_unknown.h">
      <Filter>ヘッダー ファイル</Filter>
    </ClInclude>
  </ItemGroup>
  <ItemGroup>
    <None Include="Directory.Build.targets" />
  </ItemGroup>
</Project>